
Microsoft Visual Studio Solution File, Format Version 12.00
# Visual Studio Version 16
VisualStudioVersion = 16.0.30907.101
MinimumVisualStudioVersion = 10.0.40219.1
Project("{FAE04EC0-301F-11D3-BF4B-00C04F79EFBC}") = "Telethon2021", "Telethon2021.csproj", "{B647F0DD-0242-49A0-A082-1C2C12386B38}"
EndProject
Project("{FAE04EC0-301F-11D3-BF4B-00C04F79EFBC}") = "LandingPage", "..\..\..\Pizzeria\LandingPage.csproj", "{1A4F2109-2E65-445C-A042-4E4FCE4D60B5}"
EndProject
Global
	GlobalSection(SolutionConfigurationPlatforms) = preSolution
		Debug|Any CPU = Debug|Any CPU
		Release|Any CPU = Release|Any CPU
	EndGlobalSection
	GlobalSection(ProjectConfigurationPlatforms) = postSolution
		{B647F0DD-0242-49A0-A082-1C2C12386B38}.Debug|Any CPU.ActiveCfg = Debug|Any CPU
		{B647F0DD-0242-49A0-A082-1C2C12386B38}.Debug|Any CPU.Build.0 = Debug|Any CPU
		{B647F0DD-0242-49A0-A082-1C2C12386B38}.Release|Any CPU.ActiveCfg = Release|Any CPU
		{B647F0DD-0242-49A0-A082-1C2C12386B38}.Release|Any CPU.Build.0 = Release|Any CPU
		{1A4F2109-2E65-445C-A042-4E4FCE4D60B5}.Debug|Any CPU.ActiveCfg = Debug|Any CPU
		{1A4F2109-2E65-445C-A042-4E4FCE4D60B5}.Debug|Any CPU.Build.0 = Debug|Any CPU
		{1A4F2109-2E65-445C-A042-4E4FCE4D60B5}.Release|Any CPU.ActiveCfg = Release|Any CPU
		{1A4F2109-2E65-445C-A042-4E4FCE4D60B5}.Release|Any CPU.Build.0 = Release|Any CPU
	EndGlobalSection
	GlobalSection(SolutionProperties) = preSolution
		HideSolutionNode = FALSE
	EndGlobalSection
	GlobalSection(ExtensibilityGlobals) = postSolution
		SolutionGuid = {480FB000-2DCA-4293-A056-1A8B4DFEEAB4}
	EndGlobalSection
EndGlobal
